// !$*UTF8*$!
{
	archiveVersion = 1;
	classes = {
	};
	objectVersion = 46;
	objects = {

/* Begin PBXBuildFile section */
		849921901600F4FC00CCDF3B /* CodecCommander.cpp in Sources */ = {isa = PBXBuildFile; fileRef = 8499218E1600F4FC00CCDF3B /* CodecCommander.cpp */; };
		849921911600F4FC00CCDF3B /* CodecCommander.h in Headers */ = {isa = PBXBuildFile; fileRef = 8499218F1600F4FC00CCDF3B /* CodecCommander.h */; };
		AA915F2E2DF971A70090B341 /* libkmod.a in Frameworks */ = {isa = PBXBuildFile; fileRef = AA915F2D2DF971A70090B341 /* libkmod.a */; };
		D404F1D61A124D5E008E6BFD /* Client.cpp in Sources */ = {isa = PBXBuildFile; fileRef = D404F1D51A124D5E008E6BFD /* Client.cpp */; };
		D40F6EDE1A73EC0A0064E146 /* CoreFoundation.framework in Frameworks */ = {isa = PBXBuildFile; fileRef = D40F6EDC1A73EBFD0064E146 /* CoreFoundation.framework */; };
		D42D3C081A59558C006C4C8C /* main.c in Sources */ = {isa = PBXBuildFile; fileRef = D42D3C071A59558C006C4C8C /* main.c */; };
		D42D3C0E1A595937006C4C8C /* IOKit.framework in Frameworks */ = {isa = PBXBuildFile; fileRef = D42D3C0D1A595937006C4C8C /* IOKit.framework */; };
		D4FA53E11A07C8E1000DD257 /* Configuration.cpp in Sources */ = {isa = PBXBuildFile; fileRef = D4FA53E01A07C8E1000DD257 /* Configuration.cpp */; };
		D4FB21F71A0CEBE1005D6019 /* IntelHDA.cpp in Sources */ = {isa = PBXBuildFile; fileRef = D4FB21F61A0CEBE1005D6019 /* IntelHDA.cpp */; };
		D4FD9E041A039E550095AA5A /* IntelHDA.h in Headers */ = {isa = PBXBuildFile; fileRef = D4FD9E031A039E550095AA5A /* IntelHDA.h */; };
		DFBDD924239EE4A300C268FF /* Samples in Resources */ = {isa = PBXBuildFile; fileRef = DFBDD923239EE4A300C268FF /* Samples */; };
/* End PBXBuildFile section */

/* Begin PBXCopyFilesBuildPhase section */
		D42D3C031A59558B006C4C8C /* CopyFiles */ = {
			isa = PBXCopyFilesBuildPhase;
			buildActionMask = 2147483647;
			dstPath = /usr/share/man/man1/;
			dstSubfolderSpec = 0;
			files = (
			);
			runOnlyForDeploymentPostprocessing = 1;
		};
/* End PBXCopyFilesBuildPhase section */

/* Begin PBXFileReference section */
		0ABE527A189976190069716A /* PIOReadme */ = {isa = PBXFileReference; fileEncoding = 4; lastKnownFileType = text; path = PIOReadme; sourceTree = "<group>"; };
		0AE84D9919B8306F00968A53 /* Kernel.framework */ = {isa = PBXFileReference; lastKnownFileType = wrapper.framework; name = Kernel.framework; path = System/Library/Frameworks/Kernel.framework; sourceTree = SDKROOT; };
		0C4B237E14598AD20080D960 /* CodecCommander.kext */ = {isa = PBXFileReference; explicitFileType = wrapper.cfbundle; includeInIndex = 0; path = CodecCommander.kext; sourceTree = BUILT_PRODUCTS_DIR; };
		0C4B238514598AD20080D960 /* CodecCommander-Info.plist */ = {isa = PBXFileReference; lastKnownFileType = text.plist.xml; path = "CodecCommander-Info.plist"; sourceTree = "<group>"; };
		0C4B238D14598AD20080D960 /* CodecCommander-Prefix.pch */ = {isa = PBXFileReference; lastKnownFileType = sourcecode.c.h; lineEnding = 0; path = "CodecCommander-Prefix.pch"; sourceTree = "<group>"; xcLanguageSpecificationIdentifier = xcode.lang.objc; };
		8499218E1600F4FC00CCDF3B /* CodecCommander.cpp */ = {isa = PBXFileReference; fileEncoding = 4; lastKnownFileType = sourcecode.cpp.cpp; lineEnding = 0; path = CodecCommander.cpp; sourceTree = "<group>"; usesTabs = 1; xcLanguageSpecificationIdentifier = xcode.lang.cpp; };
		8499218F1600F4FC00CCDF3B /* CodecCommander.h */ = {isa = PBXFileReference; fileEncoding = 4; lastKnownFileType = sourcecode.c.h; lineEnding = 0; path = CodecCommander.h; sourceTree = "<group>"; usesTabs = 1; xcLanguageSpecificationIdentifier = xcode.lang.objcpp; };
		849F78D71ACFC03600389EDA /* makefile */ = {isa = PBXFileReference; lastKnownFileType = sourcecode.make; path = makefile; sourceTree = "<group>"; usesTabs = 1; };
		AA915F2D2DF971A70090B341 /* libkmod.a */ = {isa = PBXFileReference; lastKnownFileType = archive.ar; name = libkmod.a; path = MacKernelSDK/Library/universal/libkmod.a; sourceTree = "<group>"; };
		D404F1D51A124D5E008E6BFD /* Client.cpp */ = {isa = PBXFileReference; fileEncoding = 4; lastKnownFileType = sourcecode.cpp.cpp; path = Client.cpp; sourceTree = "<group>"; };
		D40F6EDC1A73EBFD0064E146 /* CoreFoundation.framework */ = {isa = PBXFileReference; lastKnownFileType = wrapper.framework; name = CoreFoundation.framework; path = System/Library/Frameworks/CoreFoundation.framework; sourceTree = SDKROOT; };
		D42D3C051A59558B006C4C8C /* CodecCommanderClient */ = {isa = PBXFileReference; explicitFileType = "compiled.mach-o.executable"; includeInIndex = 0; path = CodecCommanderClient; sourceTree = BUILT_PRODUCTS_DIR; };
		D42D3C071A59558C006C4C8C /* main.c */ = {isa = PBXFileReference; lastKnownFileType = sourcecode.c.c; path = main.c; sourceTree = "<group>"; };
		D42D3C0C1A5955CA006C4C8C /* hdaverb.h */ = {isa = PBXFileReference; lastKnownFileType = sourcecode.c.h; path = hdaverb.h; sourceTree = "<group>"; };
		D42D3C0D1A595937006C4C8C /* IOKit.framework */ = {isa = PBXFileReference; lastKnownFileType = wrapper.framework; name = IOKit.framework; path = System/Library/Frameworks/IOKit.framework; sourceTree = SDKROOT; };
		D42D3C0F1A595B8D006C4C8C /* README.md */ = {isa = PBXFileReference; lastKnownFileType = net.daringfireball.markdown; path = README.md; sourceTree = "<group>"; };
		D4FA53DF1A07C83B000DD257 /* Configuration.h */ = {isa = PBXFileReference; lastKnownFileType = sourcecode.c.h; path = Configuration.h; sourceTree = "<group>"; };
		D4FA53E01A07C8E1000DD257 /* Configuration.cpp */ = {isa = PBXFileReference; fileEncoding = 4; lastKnownFileType = sourcecode.cpp.cpp; path = Configuration.cpp; sourceTree = "<group>"; };
		D4FB21F61A0CEBE1005D6019 /* IntelHDA.cpp */ = {isa = PBXFileReference; fileEncoding = 4; lastKnownFileType = sourcecode.cpp.cpp; path = IntelHDA.cpp; sourceTree = "<group>"; };
		D4FB21F81A0CED3E005D6019 /* Common.h */ = {isa = PBXFileReference; lastKnownFileType = sourcecode.c.h; path = Common.h; sourceTree = "<group>"; };
		D4FD9E031A039E550095AA5A /* IntelHDA.h */ = {isa = PBXFileReference; fileEncoding = 4; lastKnownFileType = sourcecode.c.h; lineEnding = 0; path = IntelHDA.h; sourceTree = "<group>"; usesTabs = 1; };
		DFBDD923239EE4A300C268FF /* Samples */ = {isa = PBXFileReference; lastKnownFileType = folder; path = Samples; sourceTree = "<group>"; };
		ED789AED1CFA1A840067F666 /* gen_ahhcd.sh */ = {isa = PBXFileReference; fileEncoding = 4; lastKnownFileType = text.script.sh; path = gen_ahhcd.sh; sourceTree = "<group>"; };
		ED789AEE1CFA1A840067F666 /* extract_hda.sh */ = {isa = PBXFileReference; fileEncoding = 4; lastKnownFileType = text.script.sh; path = extract_hda.sh; sourceTree = "<group>"; };
		ED789AEF1CFA1A840067F666 /* convert.sh */ = {isa = PBXFileReference; fileEncoding = 4; lastKnownFileType = text.script.sh; path = convert.sh; sourceTree = "<group>"; };
		ED789AF01CFA1A840067F666 /* config_dump.sh */ = {isa = PBXFileReference; fileEncoding = 4; lastKnownFileType = text.script.sh; path = config_dump.sh; sourceTree = "<group>"; };
		ED789AF11CFA1A840067F666 /* eapd_dump.sh */ = {isa = PBXFileReference; fileEncoding = 4; lastKnownFileType = text.script.sh; path = eapd_dump.sh; sourceTree = "<group>"; };
		ED789AF21CFA1A840067F666 /* node_dump.sh */ = {isa = PBXFileReference; fileEncoding = 4; lastKnownFileType = text.script.sh; path = node_dump.sh; sourceTree = "<group>"; };
		ED789AF31CFA1A840067F666 /* widget_dump.sh */ = {isa = PBXFileReference; fileEncoding = 4; lastKnownFileType = text.script.sh; path = widget_dump.sh; sourceTree = "<group>"; };
/* End PBXFileReference section */

/* Begin PBXFrameworksBuildPhase section */
		0C4B237914598AD20080D960 /* Frameworks */ = {
			isa = PBXFrameworksBuildPhase;
			buildActionMask = 2147483647;
			files = (
				AA915F2E2DF971A70090B341 /* libkmod.a in Frameworks */,
			);
			runOnlyForDeploymentPostprocessing = 0;
		};
		D42D3C021A59558B006C4C8C /* Frameworks */ = {
			isa = PBXFrameworksBuildPhase;
			buildActionMask = 2147483647;
			files = (
				D40F6EDE1A73EC0A0064E146 /* CoreFoundation.framework in Frameworks */,
				D42D3C0E1A595937006C4C8C /* IOKit.framework in Frameworks */,
			);
			runOnlyForDeploymentPostprocessing = 0;
		};
/* End PBXFrameworksBuildPhase section */

/* Begin PBXGroup section */
		0C4B237114598AD10080D960 = {
			isa = PBXGroup;
			children = (
				DFBDD923239EE4A300C268FF /* Samples */,
				849F78D71ACFC03600389EDA /* makefile */,
				D42D3C0F1A595B8D006C4C8C /* README.md */,
				0C4B238314598AD20080D960 /* CodecCommander */,
				D42D3C061A59558C006C4C8C /* CodecCommanderClient */,
				ED789AEC1CFA1A690067F666 /* HDA tools */,
				0C4B238014598AD20080D960 /* Frameworks */,
				0C4B237F14598AD20080D960 /* Products */,
			);
			sourceTree = "<group>";
			usesTabs = 0;
		};
		0C4B237F14598AD20080D960 /* Products */ = {
			isa = PBXGroup;
			children = (
				0C4B237E14598AD20080D960 /* CodecCommander.kext */,
				D42D3C051A59558B006C4C8C /* CodecCommanderClient */,
			);
			name = Products;
			sourceTree = "<group>";
		};
		0C4B238014598AD20080D960 /* Frameworks */ = {
			isa = PBXGroup;
			children = (
				AA915F2D2DF971A70090B341 /* libkmod.a */,
				D40F6EDC1A73EBFD0064E146 /* CoreFoundation.framework */,
				D42D3C0D1A595937006C4C8C /* IOKit.framework */,
				0AE84D9919B8306F00968A53 /* Kernel.framework */,
			);
			name = Frameworks;
			sourceTree = "<group>";
		};
		0C4B238314598AD20080D960 /* CodecCommander */ = {
			isa = PBXGroup;
			children = (
				8499218F1600F4FC00CCDF3B /* CodecCommander.h */,
				8499218E1600F4FC00CCDF3B /* CodecCommander.cpp */,
				D4FD9E031A039E550095AA5A /* IntelHDA.h */,
				D4FB21F61A0CEBE1005D6019 /* IntelHDA.cpp */,
				D4FA53DF1A07C83B000DD257 /* Configuration.h */,
				D4FA53E01A07C8E1000DD257 /* Configuration.cpp */,
				D404F1D51A124D5E008E6BFD /* Client.cpp */,
				D4FB21F81A0CED3E005D6019 /* Common.h */,
				0C4B238414598AD20080D960 /* Supporting Files */,
			);
			path = CodecCommander;
			sourceTree = "<group>";
		};
		0C4B238414598AD20080D960 /* Supporting Files */ = {
			isa = PBXGroup;
			children = (
				0ABE527A189976190069716A /* PIOReadme */,
				0C4B238514598AD20080D960 /* CodecCommander-Info.plist */,
				0C4B238D14598AD20080D960 /* CodecCommander-Prefix.pch */,
			);
			name = "Supporting Files";
			sourceTree = "<group>";
		};
		D42D3C061A59558C006C4C8C /* CodecCommanderClient */ = {
			isa = PBXGroup;
			children = (
				D42D3C071A59558C006C4C8C /* main.c */,
				D42D3C0C1A5955CA006C4C8C /* hdaverb.h */,
			);
			path = CodecCommanderClient;
			sourceTree = "<group>";
		};
		ED789AEC1CFA1A690067F666 /* HDA tools */ = {
			isa = PBXGroup;
			children = (
				ED789AED1CFA1A840067F666 /* gen_ahhcd.sh */,
				ED789AEF1CFA1A840067F666 /* convert.sh */,
				ED789AEE1CFA1A840067F666 /* extract_hda.sh */,
				ED789AF01CFA1A840067F666 /* config_dump.sh */,
				ED789AF11CFA1A840067F666 /* eapd_dump.sh */,
				ED789AF21CFA1A840067F666 /* node_dump.sh */,
				ED789AF31CFA1A840067F666 /* widget_dump.sh */,
			);
			name = "HDA tools";
			sourceTree = "<group>";
		};
/* End PBXGroup section */

/* Begin PBXHeadersBuildPhase section */
		0C4B237A14598AD20080D960 /* Headers */ = {
			isa = PBXHeadersBuildPhase;
			buildActionMask = 2147483647;
			files = (
				849921911600F4FC00CCDF3B /* CodecCommander.h in Headers */,
				D4FD9E041A039E550095AA5A /* IntelHDA.h in Headers */,
			);
			runOnlyForDeploymentPostprocessing = 0;
		};
/* End PBXHeadersBuildPhase section */

/* Begin PBXNativeTarget section */
		0C4B237D14598AD20080D960 /* CodecCommander */ = {
			isa = PBXNativeTarget;
			buildConfigurationList = 0C4B239014598AD20080D960 /* Build configuration list for PBXNativeTarget "CodecCommander" */;
			buildPhases = (
				0C4B237814598AD20080D960 /* Sources */,
				0C4B237914598AD20080D960 /* Frameworks */,
				0C4B237A14598AD20080D960 /* Headers */,
				0C4B237B14598AD20080D960 /* Resources */,
				AA38428B26169F84006705B9 /* Archive */,
			);
			buildRules = (
			);
			dependencies = (
			);
			name = CodecCommander;
			productName = CodecCommander;
			productReference = 0C4B237E14598AD20080D960 /* CodecCommander.kext */;
			productType = "com.apple.product-type.kernel-extension";
		};
		D42D3C041A59558B006C4C8C /* CodecCommanderClient */ = {
			isa = PBXNativeTarget;
			buildConfigurationList = D42D3C0B1A59558C006C4C8C /* Build configuration list for PBXNativeTarget "CodecCommanderClient" */;
			buildPhases = (
				D42D3C011A59558B006C4C8C /* Sources */,
				D42D3C021A59558B006C4C8C /* Frameworks */,
				D42D3C031A59558B006C4C8C /* CopyFiles */,
			);
			buildRules = (
			);
			dependencies = (
			);
			name = CodecCommanderClient;
			productName = CodecCommanderClient;
			productReference = D42D3C051A59558B006C4C8C /* CodecCommanderClient */;
			productType = "com.apple.product-type.tool";
		};
/* End PBXNativeTarget section */

/* Begin PBXProject section */
		0C4B237314598AD10080D960 /* Project object */ = {
			isa = PBXProject;
			attributes = {
				LastUpgradeCheck = 1120;
				TargetAttributes = {
					D42D3C041A59558B006C4C8C = {
						CreatedOnToolsVersion = 6.1.1;
					};
				};
			};
			buildConfigurationList = 0C4B237614598AD10080D960 /* Build configuration list for PBXProject "CodecCommander" */;
			compatibilityVersion = "Xcode 3.2";
			developmentRegion = en;
			hasScannedForEncodings = 0;
			knownRegions = (
				en,
				Base,
			);
			mainGroup = 0C4B237114598AD10080D960;
			productRefGroup = 0C4B237F14598AD20080D960 /* Products */;
			projectDirPath = "";
			projectRoot = "";
			targets = (
				0C4B237D14598AD20080D960 /* CodecCommander */,
				D42D3C041A59558B006C4C8C /* CodecCommanderClient */,
			);
		};
/* End PBXProject section */

/* Begin PBXResourcesBuildPhase section */
		0C4B237B14598AD20080D960 /* Resources */ = {
			isa = PBXResourcesBuildPhase;
			buildActionMask = 2147483647;
			files = (
				DFBDD924239EE4A300C268FF /* Samples in Resources */,
			);
			runOnlyForDeploymentPostprocessing = 0;
		};
/* End PBXResourcesBuildPhase section */

/* Begin PBXShellScriptBuildPhase section */
		AA38428B26169F84006705B9 /* Archive */ = {
			isa = PBXShellScriptBuildPhase;
			buildActionMask = 2147483647;
			files = (
			);
			inputFileListPaths = (
			);
			inputPaths = (
			);
			name = Archive;
			outputFileListPaths = (
			);
			outputPaths = (
			);
			runOnlyForDeploymentPostprocessing = 0;
			shellPath = /bin/bash;
			shellScript = "cd \"${TARGET_BUILD_DIR}\"\n\ndist=(\"$FULL_PRODUCT_NAME\")\nif [ -d \"$DWARF_DSYM_FILE_NAME\" ]; then dist+=(\"$DWARF_DSYM_FILE_NAME\"); fi\nif [ -f \"CodecCommanderClient\" ]; then\n    mv \"CodecCommanderClient\" \"hda-verb\"\n    dist+=(\"hda-verb\"); fi\n\narchive=\"${PRODUCT_NAME}-${MODULE_VERSION}-$(echo $CONFIGURATION | tr /a-z/ /A-Z/).zip\"\nrm -rf *.zip\nif [ \"$CONFIGURATION\" == \"Release\" ]; then\n  strip -x -T \"${EXECUTABLE_PATH}\" &>/dev/null || strip -x \"${EXECUTABLE_PATH}\"\nfi\nzip -qry -FS \"${archive}\" \"${dist[@]}\"\n";
		};
/* End PBXShellScriptBuildPhase section */

/* Begin PBXSourcesBuildPhase section */
		0C4B237814598AD20080D960 /* Sources */ = {
			isa = PBXSourcesBuildPhase;
			buildActionMask = 2147483647;
			files = (
				D4FA53E11A07C8E1000DD257 /* Configuration.cpp in Sources */,
				D4FB21F71A0CEBE1005D6019 /* IntelHDA.cpp in Sources */,
				D404F1D61A124D5E008E6BFD /* Client.cpp in Sources */,
				849921901600F4FC00CCDF3B /* CodecCommander.cpp in Sources */,
			);
			runOnlyForDeploymentPostprocessing = 0;
		};
		D42D3C011A59558B006C4C8C /* Sources */ = {
			isa = PBXSourcesBuildPhase;
			buildActionMask = 2147483647;
			files = (
				D42D3C081A59558C006C4C8C /* main.c in Sources */,
			);
			runOnlyForDeploymentPostprocessing = 0;
		};
/* End PBXSourcesBuildPhase section */

/* Begin XCBuildConfiguration section */
		0C4B238E14598AD20080D960 /* Debug */ = {
			isa = XCBuildConfiguration;
			buildSettings = {
				ALWAYS_SEARCH_USER_PATHS = NO;
				ARCHS = x86_64;
				CLANG_ANALYZER_LOCALIZABILITY_NONLOCALIZED = YES;
				CLANG_WARN_BLOCK_CAPTURE_AUTORELEASING = YES;
				CLANG_WARN_BOOL_CONVERSION = YES;
				CLANG_WARN_COMMA = YES;
				CLANG_WARN_CONSTANT_CONVERSION = YES;
				CLANG_WARN_DEPRECATED_OBJC_IMPLEMENTATIONS = YES;
				CLANG_WARN_EMPTY_BODY = YES;
				CLANG_WARN_ENUM_CONVERSION = YES;
				CLANG_WARN_INFINITE_RECURSION = YES;
				CLANG_WARN_INT_CONVERSION = YES;
				CLANG_WARN_NON_LITERAL_NULL_CONVERSION = YES;
				CLANG_WARN_OBJC_IMPLICIT_RETAIN_SELF = YES;
				CLANG_WARN_OBJC_LITERAL_CONVERSION = YES;
				CLANG_WARN_RANGE_LOOP_ANALYSIS = YES;
				CLANG_WARN_STRICT_PROTOTYPES = YES;
				CLANG_WARN_SUSPICIOUS_MOVE = YES;
				CLANG_WARN_UNREACHABLE_CODE = YES;
				CLANG_WARN__DUPLICATE_METHOD_MATCH = YES;
				ENABLE_STRICT_OBJC_MSGSEND = YES;
				ENABLE_TESTABILITY = YES;
				GCC_NO_COMMON_BLOCKS = YES;
				GCC_PREPROCESSOR_DEFINITIONS = (
					"DEBUG=1",
					"LOGNAME=\\\"${LOGNAME}\\\"",
					"$(inherited)",
				);
				GCC_WARN_64_TO_32_BIT_CONVERSION = YES;
				GCC_WARN_ABOUT_RETURN_TYPE = YES_ERROR;
				GCC_WARN_UNDECLARED_SELECTOR = YES;
				GCC_WARN_UNINITIALIZED_AUTOS = YES;
				GCC_WARN_UNUSED_FUNCTION = YES;
				GCC_WARN_UNUSED_VARIABLE = YES;
				KERNEL_EXTENSION_HEADER_SEARCH_PATHS = "$(PROJECT_DIR)/MacKernelSDK/Headers";
				KERNEL_FRAMEWORK_HEADERS = "$(PROJECT_DIR)/MacKernelSDK/Headers";
				MACOSX_DEPLOYMENT_TARGET = 10.6;
				MODULE_VERSION = 2.7.3;
				ONLY_ACTIVE_ARCH = YES;
				SDKROOT = macosx;
				SYMROOT = Build/Products;
				WRAPPER_EXTENSION = kext;
			};
			name = Debug;
		};
		0C4B238F14598AD20080D960 /* Release */ = {
			isa = XCBuildConfiguration;
			buildSettings = {
				ALWAYS_SEARCH_USER_PATHS = NO;
				ARCHS = x86_64;
				CLANG_ANALYZER_LOCALIZABILITY_NONLOCALIZED = YES;
				CLANG_WARN_BLOCK_CAPTURE_AUTORELEASING = YES;
				CLANG_WARN_BOOL_CONVERSION = YES;
				CLANG_WARN_COMMA = YES;
				CLANG_WARN_CONSTANT_CONVERSION = YES;
				CLANG_WARN_DEPRECATED_OBJC_IMPLEMENTATIONS = YES;
				CLANG_WARN_EMPTY_BODY = YES;
				CLANG_WARN_ENUM_CONVERSION = YES;
				CLANG_WARN_INFINITE_RECURSION = YES;
				CLANG_WARN_INT_CONVERSION = YES;
				CLANG_WARN_NON_LITERAL_NULL_CONVERSION = YES;
				CLANG_WARN_OBJC_IMPLICIT_RETAIN_SELF = YES;
				CLANG_WARN_OBJC_LITERAL_CONVERSION = YES;
				CLANG_WARN_RANGE_LOOP_ANALYSIS = YES;
				CLANG_WARN_STRICT_PROTOTYPES = YES;
				CLANG_WARN_SUSPICIOUS_MOVE = YES;
				CLANG_WARN_UNREACHABLE_CODE = YES;
				CLANG_WARN__DUPLICATE_METHOD_MATCH = YES;
				ENABLE_STRICT_OBJC_MSGSEND = YES;
				GCC_NO_COMMON_BLOCKS = YES;
				GCC_PREPROCESSOR_DEFINITIONS = (
					"LOGNAME=\\\"${LOGNAME}\\\"",
					"$(inherited)",
				);
				GCC_WARN_64_TO_32_BIT_CONVERSION = YES;
				GCC_WARN_ABOUT_RETURN_TYPE = YES_ERROR;
				GCC_WARN_UNDECLARED_SELECTOR = YES;
				GCC_WARN_UNINITIALIZED_AUTOS = YES;
				GCC_WARN_UNUSED_FUNCTION = YES;
				GCC_WARN_UNUSED_VARIABLE = YES;
				KERNEL_EXTENSION_HEADER_SEARCH_PATHS = "$(PROJECT_DIR)/MacKernelSDK/Headers";
				KERNEL_FRAMEWORK_HEADERS = "$(PROJECT_DIR)/MacKernelSDK/Headers";
				MACOSX_DEPLOYMENT_TARGET = 10.6;
				MODULE_VERSION = 2.7.3;
				SDKROOT = macosx;
				SYMROOT = Build/Products;
				WRAPPER_EXTENSION = kext;
			};
			name = Release;
		};
		0C4B239114598AD20080D960 /* Debug */ = {
			isa = XCBuildConfiguration;
			buildSettings = {
				CLANG_ENABLE_OBJC_WEAK = YES;
				CODE_SIGNING_ALLOWED = NO;
				CODE_SIGN_IDENTITY = "";
				CURRENT_PROJECT_VERSION = "$(MODULE_VERSION)";
				GCC_PRECOMPILE_PREFIX_HEADER = YES;
				GCC_PREFIX_HEADER = "CodecCommander/CodecCommander-Prefix.pch";
				INFOPLIST_FILE = "CodecCommander/CodecCommander-Info.plist";
				LIBRARY_SEARCH_PATHS = (
					"$(inherited)",
					"$(PROJECT_DIR)/MacKernelSDK/Library/universal",
				);
				MODULE_NAME = org.tw.CodecCommander;
				MODULE_START = CodecCommander_Start;
				MODULE_STOP = CodecCommander_Stop;
				PRODUCT_BUNDLE_IDENTIFIER = "${MODULE_NAME}";
				PRODUCT_NAME = CodecCommander;
				STRIP_INSTALLED_PRODUCT = YES;
			};
			name = Debug;
		};
		0C4B239214598AD20080D960 /* Release */ = {
			isa = XCBuildConfiguration;
			buildSettings = {
				CLANG_ENABLE_OBJC_WEAK = YES;
				CODE_SIGNING_ALLOWED = NO;
				CODE_SIGN_IDENTITY = "";
				CURRENT_PROJECT_VERSION = "$(MODULE_VERSION)";
				GCC_PRECOMPILE_PREFIX_HEADER = YES;
				GCC_PREFIX_HEADER = "CodecCommander/CodecCommander-Prefix.pch";
				INFOPLIST_FILE = "CodecCommander/CodecCommander-Info.plist";
				LIBRARY_SEARCH_PATHS = (
					"$(inherited)",
					"$(PROJECT_DIR)/MacKernelSDK/Library/universal",
				);
				MODULE_NAME = org.tw.CodecCommander;
				MODULE_START = CodecCommander_Start;
				MODULE_STOP = CodecCommander_Stop;
				PRODUCT_BUNDLE_IDENTIFIER = "${MODULE_NAME}";
				PRODUCT_NAME = CodecCommander;
				STRIP_INSTALLED_PRODUCT = YES;
			};
			name = Release;
		};
		D42D3C091A59558C006C4C8C /* Debug */ = {
			isa = XCBuildConfiguration;
			buildSettings = {
				CLANG_ENABLE_OBJC_WEAK = YES;
				CODE_SIGNING_ALLOWED = NO;
				CODE_SIGN_IDENTITY = "";
				MACOSX_DEPLOYMENT_TARGET = 10.6;
				ONLY_ACTIVE_ARCH = YES;
				PRODUCT_NAME = "$(TARGET_NAME)";
			};
			name = Debug;
		};
		D42D3C0A1A59558C006C4C8C /* Release */ = {
			isa = XCBuildConfiguration;
			buildSettings = {
				CLANG_ENABLE_OBJC_WEAK = YES;
				CODE_SIGNING_ALLOWED = NO;
				CODE_SIGN_IDENTITY = "";
				MACOSX_DEPLOYMENT_TARGET = 10.6;
				PRODUCT_NAME = "$(TARGET_NAME)";
			};
			name = Release;
		};
/* End XCBuildConfiguration section */

/* Begin XCConfigurationList section */
		0C4B237614598AD10080D960 /* Build configuration list for PBXProject "CodecCommander" */ = {
			isa = XCConfigurationList;
			buildConfigurations = (
				0C4B238E14598AD20080D960 /* Debug */,
				0C4B238F14598AD20080D960 /* Release */,
			);
			defaultConfigurationIsVisible = 0;
			defaultConfigurationName = Release;
		};
		0C4B239014598AD20080D960 /* Build configuration list for PBXNativeTarget "CodecCommander" */ = {
			isa = XCConfigurationList;
			buildConfigurations = (
				0C4B239114598AD20080D960 /* Debug */,
				0C4B239214598AD20080D960 /* Release */,
			);
			defaultConfigurationIsVisible = 0;
			defaultConfigurationName = Release;
		};
		D42D3C0B1A59558C006C4C8C /* Build configuration list for PBXNativeTarget "CodecCommanderClient" */ = {
			isa = XCConfigurationList;
			buildConfigurations = (
				D42D3C091A59558C006C4C8C /* Debug */,
				D42D3C0A1A59558C006C4C8C /* Release */,
			);
			defaultConfigurationIsVisible = 0;
			defaultConfigurationName = Release;
		};
/* End XCConfigurationList section */
	};
	rootObject = 0C4B237314598AD10080D960 /* Project object */;
}
